// !$*UTF8*$!
{
	archiveVersion = 1;
	classes = {
	};
	objectVersion = 55;
	objects = {

/* Begin PBXBuildFile section */
		714F47D229E089C8001D68D0 /* HomeScreenViewController.swift in Sources */ = {isa = PBXBuildFile; fileRef = 714F47D129E089C8001D68D0 /* HomeScreenViewController.swift */; };
		714F47D729E09E45001D68D0 /* LoadingViewController.swift in Sources */ = {isa = PBXBuildFile; fileRef = 714F47D629E09E45001D68D0 /* LoadingViewController.swift */; };
		714F47DA29E09E92001D68D0 /* LoadingViewModel.swift in Sources */ = {isa = PBXBuildFile; fileRef = 714F47D929E09E92001D68D0 /* LoadingViewModel.swift */; };
		714F47DD29E09EB0001D68D0 /* LoginViewService.swift in Sources */ = {isa = PBXBuildFile; fileRef = 714F47DC29E09EB0001D68D0 /* LoginViewService.swift */; };
		715F637129E058000059C20B /* AppDelegate.swift in Sources */ = {isa = PBXBuildFile; fileRef = 715F637029E058000059C20B /* AppDelegate.swift */; };
		715F637329E058000059C20B /* SceneDelegate.swift in Sources */ = {isa = PBXBuildFile; fileRef = 715F637229E058000059C20B /* SceneDelegate.swift */; };
		715F637529E058000059C20B /* OnboardingViewController.swift in Sources */ = {isa = PBXBuildFile; fileRef = 715F637429E058000059C20B /* OnboardingViewController.swift */; };
		715F637829E058000059C20B /* Main.storyboard in Resources */ = {isa = PBXBuildFile; fileRef = 715F637629E058000059C20B /* Main.storyboard */; };
		715F637A29E058020059C20B /* Assets.xcassets in Resources */ = {isa = PBXBuildFile; fileRef = 715F637929E058020059C20B /* Assets.xcassets */; };
		715F637D29E058020059C20B /* LaunchScreen.storyboard in Resources */ = {isa = PBXBuildFile; fileRef = 715F637B29E058020059C20B /* LaunchScreen.storyboard */; };
		715F638829E058810059C20B /* ViewConfiguration.swift in Sources */ = {isa = PBXBuildFile; fileRef = 715F638729E058810059C20B /* ViewConfiguration.swift */; };
		715F638A29E058940059C20B /* UIView+Constraints.swift in Sources */ = {isa = PBXBuildFile; fileRef = 715F638929E058940059C20B /* UIView+Constraints.swift */; };
		715F638D29E059A70059C20B /* OnboardingViewCell.swift in Sources */ = {isa = PBXBuildFile; fileRef = 715F638C29E059A70059C20B /* OnboardingViewCell.swift */; };
		715F639029E067CB0059C20B /* Slide.swift in Sources */ = {isa = PBXBuildFile; fileRef = 715F638F29E067CB0059C20B /* Slide.swift */; };
		7188413A29E06D3500F770B6 /* lottieRestaurant.json in Resources */ = {isa = PBXBuildFile; fileRef = 7188413829E06D3500F770B6 /* lottieRestaurant.json */; };
		7188413B29E06D3500F770B6 /* lottieDeliveryGuy.json in Resources */ = {isa = PBXBuildFile; fileRef = 7188413929E06D3500F770B6 /* lottieDeliveryGuy.json */; };
		71972F0E29E0A29D00B8EFDA /* NavigationHandler.swift in Sources */ = {isa = PBXBuildFile; fileRef = 71972F0D29E0A29D00B8EFDA /* NavigationHandler.swift */; };
		71FF282A29E0B5EE00388DEB /* LoadingFactory.swift in Sources */ = {isa = PBXBuildFile; fileRef = 71FF282929E0B5EE00388DEB /* LoadingFactory.swift */; };
		803CB576BC91C480E705FFB7 /* Pods_RestaurantApp.framework in Frameworks */ = {isa = PBXBuildFile; fileRef = F49E1243558B70BE3E70DDF3 /* Pods_RestaurantApp.framework */; };
/* End PBXBuildFile section */

/* Begin PBXFileReference section */
		15D3DD4BDD8694365B25570B /* Pods-RestaurantApp.release.xcconfig */ = {isa = PBXFileReference; includeInIndex = 1; lastKnownFileType = text.xcconfig; name = "Pods-RestaurantApp.release.xcconfig"; path = "Target Support Files/Pods-RestaurantApp/Pods-RestaurantApp.release.xcconfig"; sourceTree = "<group>"; };
		303E2F6C1C1FC7CFEF8B8237 /* Pods-RestaurantApp.debug.xcconfig */ = {isa = PBXFileReference; includeInIndex = 1; lastKnownFileType = text.xcconfig; name = "Pods-RestaurantApp.debug.xcconfig"; path = "Target Support Files/Pods-RestaurantApp/Pods-RestaurantApp.debug.xcconfig"; sourceTree = "<group>"; };
		714F47D129E089C8001D68D0 /* HomeScreenViewController.swift */ = {isa = PBXFileReference; lastKnownFileType = sourcecode.swift; path = HomeScreenViewController.swift; sourceTree = "<group>"; };
		714F47D629E09E45001D68D0 /* LoadingViewController.swift */ = {isa = PBXFileReference; lastKnownFileType = sourcecode.swift; path = LoadingViewController.swift; sourceTree = "<group>"; };
		714F47D929E09E92001D68D0 /* LoadingViewModel.swift */ = {isa = PBXFileReference; lastKnownFileType = sourcecode.swift; path = LoadingViewModel.swift; sourceTree = "<group>"; };
		714F47DC29E09EB0001D68D0 /* LoginViewService.swift */ = {isa = PBXFileReference; lastKnownFileType = sourcecode.swift; path = LoginViewService.swift; sourceTree = "<group>"; };
		715F636D29E058000059C20B /* RestaurantApp.app */ = {isa = PBXFileReference; explicitFileType = wrapper.application; includeInIndex = 0; path = RestaurantApp.app; sourceTree = BUILT_PRODUCTS_DIR; };
		715F637029E058000059C20B /* AppDelegate.swift */ = {isa = PBXFileReference; lastKnownFileType = sourcecode.swift; path = AppDelegate.swift; sourceTree = "<group>"; };
		715F637229E058000059C20B /* SceneDelegate.swift */ = {isa = PBXFileReference; lastKnownFileType = sourcecode.swift; path = SceneDelegate.swift; sourceTree = "<group>"; };
		715F637429E058000059C20B /* OnboardingViewController.swift */ = {isa = PBXFileReference; lastKnownFileType = sourcecode.swift; path = OnboardingViewController.swift; sourceTree = "<group>"; };
		715F637729E058000059C20B /* Base */ = {isa = PBXFileReference; lastKnownFileType = file.storyboard; name = Base; path = Base.lproj/Main.storyboard; sourceTree = "<group>"; };
		715F637929E058020059C20B /* Assets.xcassets */ = {isa = PBXFileReference; lastKnownFileType = folder.assetcatalog; path = Assets.xcassets; sourceTree = "<group>"; };
		715F637C29E058020059C20B /* Base */ = {isa = PBXFileReference; lastKnownFileType = file.storyboard; name = Base; path = Base.lproj/LaunchScreen.storyboard; sourceTree = "<group>"; };
		715F637E29E058020059C20B /* Info.plist */ = {isa = PBXFileReference; lastKnownFileType = text.plist.xml; path = Info.plist; sourceTree = "<group>"; };
		715F638729E058810059C20B /* ViewConfiguration.swift */ = {isa = PBXFileReference; lastKnownFileType = sourcecode.swift; path = ViewConfiguration.swift; sourceTree = "<group>"; };
		715F638929E058940059C20B /* UIView+Constraints.swift */ = {isa = PBXFileReference; lastKnownFileType = sourcecode.swift; path = "UIView+Constraints.swift"; sourceTree = "<group>"; };
		715F638C29E059A70059C20B /* OnboardingViewCell.swift */ = {isa = PBXFileReference; lastKnownFileType = sourcecode.swift; path = OnboardingViewCell.swift; sourceTree = "<group>"; };
		715F638F29E067CB0059C20B /* Slide.swift */ = {isa = PBXFileReference; lastKnownFileType = sourcecode.swift; path = Slide.swift; sourceTree = "<group>"; };
		7188413829E06D3500F770B6 /* lottieRestaurant.json */ = {isa = PBXFileReference; fileEncoding = 4; lastKnownFileType = text.json; path = lottieRestaurant.json; sourceTree = "<group>"; };
		7188413929E06D3500F770B6 /* lottieDeliveryGuy.json */ = {isa = PBXFileReference; fileEncoding = 4; lastKnownFileType = text.json; path = lottieDeliveryGuy.json; sourceTree = "<group>"; };
		71972F0D29E0A29D00B8EFDA /* NavigationHandler.swift */ = {isa = PBXFileReference; lastKnownFileType = sourcecode.swift; path = NavigationHandler.swift; sourceTree = "<group>"; };
		71FF282929E0B5EE00388DEB /* LoadingFactory.swift */ = {isa = PBXFileReference; lastKnownFileType = sourcecode.swift; path = LoadingFactory.swift; sourceTree = "<group>"; };
		F49E1243558B70BE3E70DDF3 /* Pods_RestaurantApp.framework */ = {isa = PBXFileReference; explicitFileType = wrapper.framework; includeInIndex = 0; path = Pods_RestaurantApp.framework; sourceTree = BUILT_PRODUCTS_DIR; };
/* End PBXFileReference section */

/* Begin PBXFrameworksBuildPhase section */
		715F636A29E058000059C20B /* Frameworks */ = {
			isa = PBXFrameworksBuildPhase;
			buildActionMask = 2147483647;
			files = (
				803CB576BC91C480E705FFB7 /* Pods_RestaurantApp.framework in Frameworks */,
			);
			runOnlyForDeploymentPostprocessing = 0;
		};
/* End PBXFrameworksBuildPhase section */

/* Begin PBXGroup section */
		11204103A2970317B01D8028 /* Frameworks */ = {
			isa = PBXGroup;
			children = (
				F49E1243558B70BE3E70DDF3 /* Pods_RestaurantApp.framework */,
			);
			name = Frameworks;
			sourceTree = "<group>";
		};
		714F47D029E089AE001D68D0 /* Views */ = {
			isa = PBXGroup;
			children = (
				714F47D529E09E21001D68D0 /* HomeScreen */,
				714F47D429E09E1B001D68D0 /* Onboarding */,
				714F47D329E09E11001D68D0 /* Loading */,
			);
			path = Views;
			sourceTree = "<group>";
		};
		714F47D329E09E11001D68D0 /* Loading */ = {
			isa = PBXGroup;
			children = (
				714F47D629E09E45001D68D0 /* LoadingViewController.swift */,
				714F47D929E09E92001D68D0 /* LoadingViewModel.swift */,
				71FF282929E0B5EE00388DEB /* LoadingFactory.swift */,
			);
			path = Loading;
			sourceTree = "<group>";
		};
		714F47D429E09E1B001D68D0 /* Onboarding */ = {
			isa = PBXGroup;
			children = (
				715F637429E058000059C20B /* OnboardingViewController.swift */,
			);
			path = Onboarding;
			sourceTree = "<group>";
		};
		714F47D529E09E21001D68D0 /* HomeScreen */ = {
			isa = PBXGroup;
			children = (
				714F47D129E089C8001D68D0 /* HomeScreenViewController.swift */,
			);
			path = HomeScreen;
			sourceTree = "<group>";
		};
		714F47DB29E09EA6001D68D0 /* Service */ = {
			isa = PBXGroup;
			children = (
				714F47DC29E09EB0001D68D0 /* LoginViewService.swift */,
			);
			path = Service;
			sourceTree = "<group>";
		};
		715F636429E058000059C20B = {
			isa = PBXGroup;
			children = (
				715F636F29E058000059C20B /* RestaurantApp */,
				715F636E29E058000059C20B /* Products */,
				F58DA6245A5F943AECCD83DF /* Pods */,
				11204103A2970317B01D8028 /* Frameworks */,
			);
			sourceTree = "<group>";
		};
		715F636E29E058000059C20B /* Products */ = {
			isa = PBXGroup;
			children = (
				715F636D29E058000059C20B /* RestaurantApp.app */,
			);
			name = Products;
			sourceTree = "<group>";
		};
		715F636F29E058000059C20B /* RestaurantApp */ = {
			isa = PBXGroup;
			children = (
				71972F0C29E0A29100B8EFDA /* Navigation */,
				714F47DB29E09EA6001D68D0 /* Service */,
				714F47D029E089AE001D68D0 /* Views */,
				7188413729E06D2A00F770B6 /* Assets */,
				715F638E29E067C40059C20B /* Model */,
				715F638B29E059980059C20B /* CollectionView */,
				715F638629E058120059C20B /* Delegate */,
				715F638529E0580C0059C20B /* Extensions */,
				715F638429E058070059C20B /* Protocols */,
				715F637629E058000059C20B /* Main.storyboard */,
				715F637929E058020059C20B /* Assets.xcassets */,
				715F637B29E058020059C20B /* LaunchScreen.storyboard */,
				715F637E29E058020059C20B /* Info.plist */,
			);
			path = RestaurantApp;
			sourceTree = "<group>";
		};
		715F638429E058070059C20B /* Protocols */ = {
			isa = PBXGroup;
			children = (
				715F638729E058810059C20B /* ViewConfiguration.swift */,
			);
			path = Protocols;
			sourceTree = "<group>";
		};
		715F638529E0580C0059C20B /* Extensions */ = {
			isa = PBXGroup;
			children = (
				715F638929E058940059C20B /* UIView+Constraints.swift */,
			);
			path = Extensions;
			sourceTree = "<group>";
		};
		715F638629E058120059C20B /* Delegate */ = {
			isa = PBXGroup;
			children = (
				715F637029E058000059C20B /* AppDelegate.swift */,
				715F637229E058000059C20B /* SceneDelegate.swift */,
			);
			path = Delegate;
			sourceTree = "<group>";
		};
		715F638B29E059980059C20B /* CollectionView */ = {
			isa = PBXGroup;
			children = (
				715F638C29E059A70059C20B /* OnboardingViewCell.swift */,
			);
			path = CollectionView;
			sourceTree = "<group>";
		};
		715F638E29E067C40059C20B /* Model */ = {
			isa = PBXGroup;
			children = (
				715F638F29E067CB0059C20B /* Slide.swift */,
			);
			path = Model;
			sourceTree = "<group>";
		};
		7188413729E06D2A00F770B6 /* Assets */ = {
			isa = PBXGroup;
			children = (
				7188413929E06D3500F770B6 /* lottieDeliveryGuy.json */,
				7188413829E06D3500F770B6 /* lottieRestaurant.json */,
			);
			path = Assets;
			sourceTree = "<group>";
		};
		71972F0C29E0A29100B8EFDA /* Navigation */ = {
			isa = PBXGroup;
			children = (
				71972F0D29E0A29D00B8EFDA /* NavigationHandler.swift */,
			);
			path = Navigation;
			sourceTree = "<group>";
		};
		F58DA6245A5F943AECCD83DF /* Pods */ = {
			isa = PBXGroup;
			children = (
				303E2F6C1C1FC7CFEF8B8237 /* Pods-RestaurantApp.debug.xcconfig */,
				15D3DD4BDD8694365B25570B /* Pods-RestaurantApp.release.xcconfig */,
			);
			path = Pods;
			sourceTree = "<group>";
		};
/* End PBXGroup section */

/* Begin PBXNativeTarget section */
		715F636C29E058000059C20B /* RestaurantApp */ = {
			isa = PBXNativeTarget;
			buildConfigurationList = 715F638129E058020059C20B /* Build configuration list for PBXNativeTarget "RestaurantApp" */;
			buildPhases = (
				37AFC91E4949785995D76487 /* [CP] Check Pods Manifest.lock */,
				715F636929E058000059C20B /* Sources */,
				715F636A29E058000059C20B /* Frameworks */,
				715F636B29E058000059C20B /* Resources */,
				1F3CFF2943F2759B7E9E4EC2 /* [CP] Embed Pods Frameworks */,
			);
			buildRules = (
			);
			dependencies = (
			);
			name = RestaurantApp;
			productName = RestaurantApp;
			productReference = 715F636D29E058000059C20B /* RestaurantApp.app */;
			productType = "com.apple.product-type.application";
		};
/* End PBXNativeTarget section */

/* Begin PBXProject section */
		715F636529E058000059C20B /* Project object */ = {
			isa = PBXProject;
			attributes = {
				BuildIndependentTargetsInParallel = 1;
				LastSwiftUpdateCheck = 1340;
				LastUpgradeCheck = 1340;
				TargetAttributes = {
					715F636C29E058000059C20B = {
						CreatedOnToolsVersion = 13.4.1;
					};
				};
			};
			buildConfigurationList = 715F636829E058000059C20B /* Build configuration list for PBXProject "RestaurantApp" */;
			compatibilityVersion = "Xcode 13.0";
			developmentRegion = en;
			hasScannedForEncodings = 0;
			knownRegions = (
				en,
				Base,
			);
			mainGroup = 715F636429E058000059C20B;
			productRefGroup = 715F636E29E058000059C20B /* Products */;
			projectDirPath = "";
			projectRoot = "";
			targets = (
				715F636C29E058000059C20B /* RestaurantApp */,
			);
		};
/* End PBXProject section */

/* Begin PBXResourcesBuildPhase section */
		715F636B29E058000059C20B /* Resources */ = {
			isa = PBXResourcesBuildPhase;
			buildActionMask = 2147483647;
			files = (
				715F637D29E058020059C20B /* LaunchScreen.storyboard in Resources */,
				7188413B29E06D3500F770B6 /* lottieDeliveryGuy.json in Resources */,
				715F637A29E058020059C20B /* Assets.xcassets in Resources */,
				715F637829E058000059C20B /* Main.storyboard in Resources */,
				7188413A29E06D3500F770B6 /* lottieRestaurant.json in Resources */,
			);
			runOnlyForDeploymentPostprocessing = 0;
		};
/* End PBXResourcesBuildPhase section */

/* Begin PBXShellScriptBuildPhase section */
		1F3CFF2943F2759B7E9E4EC2 /* [CP] Embed Pods Frameworks */ = {
			isa = PBXShellScriptBuildPhase;
			buildActionMask = 2147483647;
			files = (
			);
			inputFileListPaths = (
				"${PODS_ROOT}/Target Support Files/Pods-RestaurantApp/Pods-RestaurantApp-frameworks-${CONFIGURATION}-input-files.xcfilelist",
			);
			name = "[CP] Embed Pods Frameworks";
			outputFileListPaths = (
				"${PODS_ROOT}/Target Support Files/Pods-RestaurantApp/Pods-RestaurantApp-frameworks-${CONFIGURATION}-output-files.xcfilelist",
			);
			runOnlyForDeploymentPostprocessing = 0;
			shellPath = /bin/sh;
			shellScript = "\"${PODS_ROOT}/Target Support Files/Pods-RestaurantApp/Pods-RestaurantApp-frameworks.sh\"\n";
			showEnvVarsInLog = 0;
		};
		37AFC91E4949785995D76487 /* [CP] Check Pods Manifest.lock */ = {
			isa = PBXShellScriptBuildPhase;
			buildActionMask = 2147483647;
			files = (
			);
			inputFileListPaths = (
			);
			inputPaths = (
				"${PODS_PODFILE_DIR_PATH}/Podfile.lock",
				"${PODS_ROOT}/Manifest.lock",
			);
			name = "[CP] Check Pods Manifest.lock";
			outputFileListPaths = (
			);
			outputPaths = (
				"$(DERIVED_FILE_DIR)/Pods-RestaurantApp-checkManifestLockResult.txt",
			);
			runOnlyForDeploymentPostprocessing = 0;
			shellPath = /bin/sh;
			shellScript = "diff \"${PODS_PODFILE_DIR_PATH}/Podfile.lock\" \"${PODS_ROOT}/Manifest.lock\" > /dev/null\nif [ $? != 0 ] ; then\n    # print error to STDERR\n    echo \"error: The sandbox is not in sync with the Podfile.lock. Run 'pod install' or update your CocoaPods installation.\" >&2\n    exit 1\nfi\n# This output is used by Xcode 'outputs' to avoid re-running this script phase.\necho \"SUCCESS\" > \"${SCRIPT_OUTPUT_FILE_0}\"\n";
			showEnvVarsInLog = 0;
		};
/* End PBXShellScriptBuildPhase section */

/* Begin PBXSourcesBuildPhase section */
		715F636929E058000059C20B /* Sources */ = {
			isa = PBXSourcesBuildPhase;
			buildActionMask = 2147483647;
			files = (
				71972F0E29E0A29D00B8EFDA /* NavigationHandler.swift in Sources */,
				715F637529E058000059C20B /* OnboardingViewController.swift in Sources */,
				714F47DD29E09EB0001D68D0 /* LoginViewService.swift in Sources */,
				714F47D229E089C8001D68D0 /* HomeScreenViewController.swift in Sources */,
				715F638829E058810059C20B /* ViewConfiguration.swift in Sources */,
				715F638A29E058940059C20B /* UIView+Constraints.swift in Sources */,
				71FF282A29E0B5EE00388DEB /* LoadingFactory.swift in Sources */,
				715F637129E058000059C20B /* AppDelegate.swift in Sources */,
				715F639029E067CB0059C20B /* Slide.swift in Sources */,
				715F637329E058000059C20B /* SceneDelegate.swift in Sources */,
				714F47DA29E09E92001D68D0 /* LoadingViewModel.swift in Sources */,
				714F47D729E09E45001D68D0 /* LoadingViewController.swift in Sources */,
				715F638D29E059A70059C20B /* OnboardingViewCell.swift in Sources */,
			);
			runOnlyForDeploymentPostprocessing = 0;
		};
/* End PBXSourcesBuildPhase section */

/* Begin PBXVariantGroup section */
		715F637629E058000059C20B /* Main.storyboard */ = {
			isa = PBXVariantGroup;
			children = (
				715F637729E058000059C20B /* Base */,
			);
			name = Main.storyboard;
			sourceTree = "<group>";
		};
		715F637B29E058020059C20B /* LaunchScreen.storyboard */ = {
			isa = PBXVariantGroup;
			children = (
				715F637C29E058020059C20B /* Base */,
			);
			name = LaunchScreen.storyboard;
			sourceTree = "<group>";
		};
/* End PBXVariantGroup section */

/* Begin XCBuildConfiguration section */
		715F637F29E058020059C20B /* Debug */ = {
			isa = XCBuildConfiguration;
			buildSettings = {
				ALWAYS_SEARCH_USER_PATHS = NO;
				CLANG_ANALYZER_NONNULL = YES;
				CLANG_ANALYZER_NUMBER_OBJECT_CONVERSION = YES_AGGRESSIVE;
				CLANG_CXX_LANGUAGE_STANDARD = "gnu++17";
				CLANG_ENABLE_MODULES = YES;
				CLANG_ENABLE_OBJC_ARC = YES;
				CLANG_ENABLE_OBJC_WEAK = YES;
				CLANG_WARN_BLOCK_CAPTURE_AUTORELEASING = YES;
				CLANG_WARN_BOOL_CONVERSION = YES;
				CLANG_WARN_COMMA = YES;
				CLANG_WARN_CONSTANT_CONVERSION = YES;
				CLANG_WARN_DEPRECATED_OBJC_IMPLEMENTATIONS = YES;
				CLANG_WARN_DIRECT_OBJC_ISA_USAGE = YES_ERROR;
				CLANG_WARN_DOCUMENTATION_COMMENTS = YES;
				CLANG_WARN_EMPTY_BODY = YES;
				CLANG_WARN_ENUM_CONVERSION = YES;
				CLANG_WARN_INFINITE_RECURSION = YES;
				CLANG_WARN_INT_CONVERSION = YES;
				CLANG_WARN_NON_LITERAL_NULL_CONVERSION = YES;
				CLANG_WARN_OBJC_IMPLICIT_RETAIN_SELF = YES;
				CLANG_WARN_OBJC_LITERAL_CONVERSION = YES;
				CLANG_WARN_OBJC_ROOT_CLASS = YES_ERROR;
				CLANG_WARN_QUOTED_INCLUDE_IN_FRAMEWORK_HEADER = YES;
				CLANG_WARN_RANGE_LOOP_ANALYSIS = YES;
				CLANG_WARN_STRICT_PROTOTYPES = YES;
				CLANG_WARN_SUSPICIOUS_MOVE = YES;
				CLANG_WARN_UNGUARDED_AVAILABILITY = YES_AGGRESSIVE;
				CLANG_WARN_UNREACHABLE_CODE = YES;
				CLANG_WARN__DUPLICATE_METHOD_MATCH = YES;
				COPY_PHASE_STRIP = NO;
				DEBUG_INFORMATION_FORMAT = dwarf;
				ENABLE_STRICT_OBJC_MSGSEND = YES;
				ENABLE_TESTABILITY = YES;
				GCC_C_LANGUAGE_STANDARD = gnu11;
				GCC_DYNAMIC_NO_PIC = NO;
				GCC_NO_COMMON_BLOCKS = YES;
				GCC_OPTIMIZATION_LEVEL = 0;
				GCC_PREPROCESSOR_DEFINITIONS = (
					"DEBUG=1",
					"$(inherited)",
				);
				GCC_WARN_64_TO_32_BIT_CONVERSION = YES;
				GCC_WARN_ABOUT_RETURN_TYPE = YES_ERROR;
				GCC_WARN_UNDECLARED_SELECTOR = YES;
				GCC_WARN_UNINITIALIZED_AUTOS = YES_AGGRESSIVE;
				GCC_WARN_UNUSED_FUNCTION = YES;
				GCC_WARN_UNUSED_VARIABLE = YES;
				IPHONEOS_DEPLOYMENT_TARGET = 15.5;
				MTL_ENABLE_DEBUG_INFO = INCLUDE_SOURCE;
				MTL_FAST_MATH = YES;
				ONLY_ACTIVE_ARCH = YES;
				SDKROOT = iphoneos;
				SWIFT_ACTIVE_COMPILATION_CONDITIONS = DEBUG;
				SWIFT_OPTIMIZATION_LEVEL = "-Onone";
			};
			name = Debug;
		};
		715F638029E058020059C20B /* Release */ = {
			isa = XCBuildConfiguration;
			buildSettings = {
				ALWAYS_SEARCH_USER_PATHS = NO;
				CLANG_ANALYZER_NONNULL = YES;
				CLANG_ANALYZER_NUMBER_OBJECT_CONVERSION = YES_AGGRESSIVE;
				CLANG_CXX_LANGUAGE_STANDARD = "gnu++17";
				CLANG_ENABLE_MODULES = YES;
				CLANG_ENABLE_OBJC_ARC = YES;
				CLANG_ENABLE_OBJC_WEAK = YES;
				CLANG_WARN_BLOCK_CAPTURE_AUTORELEASING = YES;
				CLANG_WARN_BOOL_CONVERSION = YES;
				CLANG_WARN_COMMA = YES;
				CLANG_WARN_CONSTANT_CONVERSION = YES;
				CLANG_WARN_DEPRECATED_OBJC_IMPLEMENTATIONS = YES;
				CLANG_WARN_DIRECT_OBJC_ISA_USAGE = YES_ERROR;
				CLANG_WARN_DOCUMENTATION_COMMENTS = YES;
				CLANG_WARN_EMPTY_BODY = YES;
				CLANG_WARN_ENUM_CONVERSION = YES;
				CLANG_WARN_INFINITE_RECURSION = YES;
				CLANG_WARN_INT_CONVERSION = YES;
				CLANG_WARN_NON_LITERAL_NULL_CONVERSION = YES;
				CLANG_WARN_OBJC_IMPLICIT_RETAIN_SELF = YES;
				CLANG_WARN_OBJC_LITERAL_CONVERSION = YES;
				CLANG_WARN_OBJC_ROOT_CLASS = YES_ERROR;
				CLANG_WARN_QUOTED_INCLUDE_IN_FRAMEWORK_HEADER = YES;
				CLANG_WARN_RANGE_LOOP_ANALYSIS = YES;
				CLANG_WARN_STRICT_PROTOTYPES = YES;
				CLANG_WARN_SUSPICIOUS_MOVE = YES;
				CLANG_WARN_UNGUARDED_AVAILABILITY = YES_AGGRESSIVE;
				CLANG_WARN_UNREACHABLE_CODE = YES;
				CLANG_WARN__DUPLICATE_METHOD_MATCH = YES;
				COPY_PHASE_STRIP = NO;
				DEBUG_INFORMATION_FORMAT = "dwarf-with-dsym";
				ENABLE_NS_ASSERTIONS = NO;
				ENABLE_STRICT_OBJC_MSGSEND = YES;
				GCC_C_LANGUAGE_STANDARD = gnu11;
				GCC_NO_COMMON_BLOCKS = YES;
				GCC_WARN_64_TO_32_BIT_CONVERSION = YES;
				GCC_WARN_ABOUT_RETURN_TYPE = YES_ERROR;
				GCC_WARN_UNDECLARED_SELECTOR = YES;
				GCC_WARN_UNINITIALIZED_AUTOS = YES_AGGRESSIVE;
				GCC_WARN_UNUSED_FUNCTION = YES;
				GCC_WARN_UNUSED_VARIABLE = YES;
				IPHONEOS_DEPLOYMENT_TARGET = 15.5;
				MTL_ENABLE_DEBUG_INFO = NO;
				MTL_FAST_MATH = YES;
				SDKROOT = iphoneos;
				SWIFT_COMPILATION_MODE = wholemodule;
				SWIFT_OPTIMIZATION_LEVEL = "-O";
				VALIDATE_PRODUCT = YES;
			};
			name = Release;
		};
		715F638229E058020059C20B /* Debug */ = {
			isa = XCBuildConfiguration;
			baseConfigurationReference = 303E2F6C1C1FC7CFEF8B8237 /* Pods-RestaurantApp.debug.xcconfig */;
			buildSettings = {
				ASSETCATALOG_COMPILER_APPICON_NAME = AppIcon;
				ASSETCATALOG_COMPILER_GLOBAL_ACCENT_COLOR_NAME = AccentColor;
				CODE_SIGN_STYLE = Automatic;
				CURRENT_PROJECT_VERSION = 1;
				GENERATE_INFOPLIST_FILE = YES;
				INFOPLIST_FILE = RestaurantApp/Info.plist;
				INFOPLIST_KEY_UIApplicationSupportsIndirectInputEvents = YES;
				INFOPLIST_KEY_UILaunchStoryboardName = LaunchScreen;
				INFOPLIST_KEY_UISupportedInterfaceOrientations_iPad = "UIInterfaceOrientationPortrait UIInterfaceOrientationPortraitUpsideDown UIInterfaceOrientationLandscapeLeft UIInterfaceOrientationLandscapeRight";
				INFOPLIST_KEY_UISupportedInterfaceOrientations_iPhone = "UIInterfaceOrientationPortrait UIInterfaceOrientationLandscapeLeft UIInterfaceOrientationLandscapeRight";
				LD_RUNPATH_SEARCH_PATHS = (
					"$(inherited)",
					"@executable_path/Frameworks",
				);
				MARKETING_VERSION = 1.0;
				PRODUCT_BUNDLE_IDENTIFIER = PersonalAccount.RestaurantApp;
				PRODUCT_NAME = "$(TARGET_NAME)";
				SWIFT_EMIT_LOC_STRINGS = YES;
				SWIFT_VERSION = 5.0;
				TARGETED_DEVICE_FAMILY = "1,2";
			};
			name = Debug;
		};
		715F638329E058020059C20B /* Release */ = {
			isa = XCBuildConfiguration;
			baseConfigurationReference = 15D3DD4BDD8694365B25570B /* Pods-RestaurantApp.release.xcconfig */;
			buildSettings = {
				ASSETCATALOG_COMPILER_APPICON_NAME = AppIcon;
				ASSETCATALOG_COMPILER_GLOBAL_ACCENT_COLOR_NAME = AccentColor;
				CODE_SIGN_STYLE = Automatic;
				CURRENT_PROJECT_VERSION = 1;
				GENERATE_INFOPLIST_FILE = YES;
				INFOPLIST_FILE = RestaurantApp/Info.plist;
				INFOPLIST_KEY_UIApplicationSupportsIndirectInputEvents = YES;
				INFOPLIST_KEY_UILaunchStoryboardName = LaunchScreen;
				INFOPLIST_KEY_UISupportedInterfaceOrientations_iPad = "UIInterfaceOrientationPortrait UIInterfaceOrientationPortraitUpsideDown UIInterfaceOrientationLandscapeLeft UIInterfaceOrientationLandscapeRight";
				INFOPLIST_KEY_UISupportedInterfaceOrientations_iPhone = "UIInterfaceOrientationPortrait UIInterfaceOrientationLandscapeLeft UIInterfaceOrientationLandscapeRight";
				LD_RUNPATH_SEARCH_PATHS = (
					"$(inherited)",
					"@executable_path/Frameworks",
				);
				MARKETING_VERSION = 1.0;
				PRODUCT_BUNDLE_IDENTIFIER = PersonalAccount.RestaurantApp;
				PRODUCT_NAME = "$(TARGET_NAME)";
				SWIFT_EMIT_LOC_STRINGS = YES;
				SWIFT_VERSION = 5.0;
				TARGETED_DEVICE_FAMILY = "1,2";
			};
			name = Release;
		};
/* End XCBuildConfiguration section */

/* Begin XCConfigurationList section */
		715F636829E058000059C20B /* Build configuration list for PBXProject "RestaurantApp" */ = {
			isa = XCConfigurationList;
			buildConfigurations = (
				715F637F29E058020059C20B /* Debug */,
				715F638029E058020059C20B /* Release */,
			);
			defaultConfigurationIsVisible = 0;
			defaultConfigurationName = Release;
		};
		715F638129E058020059C20B /* Build configuration list for PBXNativeTarget "RestaurantApp" */ = {
			isa = XCConfigurationList;
			buildConfigurations = (
				715F638229E058020059C20B /* Debug */,
				715F638329E058020059C20B /* Release */,
			);
			defaultConfigurationIsVisible = 0;
			defaultConfigurationName = Release;
		};
/* End XCConfigurationList section */
	};
	rootObject = 715F636529E058000059C20B /* Project object */;
}
