// !$*UTF8*$!
{
	archiveVersion = 1;
	classes = {
	};
	objectVersion = 55;
	objects = {

/* Begin PBXBuildFile section */
		715F637129E058000059C20B /* AppDelegate.swift in Sources */ = {isa = PBXBuildFile; fileRef = 715F637029E058000059C20B /* AppDelegate.swift */; };
		715F637329E058000059C20B /* SceneDelegate.swift in Sources */ = {isa = PBXBuildFile; fileRef = 715F637229E058000059C20B /* SceneDelegate.swift */; };
		715F637529E058000059C20B /* OnboardingViewController.swift in Sources */ = {isa = PBXBuildFile; fileRef = 715F637429E058000059C20B /* OnboardingViewController.swift */; };
		715F637829E058000059C20B /* Main.storyboard in Resources */ = {isa = PBXBuildFile; fileRef = 715F637629E058000059C20B /* Main.storyboard */; };
		715F637A29E058020059C20B /* Assets.xcassets in Resources */ = {isa = PBXBuildFile; fileRef = 715F637929E058020059C20B /* Assets.xcassets */; };
		715F637D29E058020059C20B /* LaunchScreen.storyboard in Resources */ = {isa = PBXBuildFile; fileRef = 715F637B29E058020059C20B /* LaunchScreen.storyboard */; };
		715F638829E058810059C20B /* ViewConfiguration.swift in Sources */ = {isa = PBXBuildFile; fileRef = 715F638729E058810059C20B /* ViewConfiguration.swift */; };
		715F638A29E058940059C20B /* UIView+Constraints.swift in Sources */ = {isa = PBXBuildFile; fileRef = 715F638929E058940059C20B /* UIView+Constraints.swift */; };
		715F638D29E059A70059C20B /* OnboardingViewCell.swift in Sources */ = {isa = PBXBuildFile; fileRef = 715F638C29E059A70059C20B /* OnboardingViewCell.swift */; };
		715F639029E067CB0059C20B /* Slide.swift in Sources */ = {isa = PBXBuildFile; fileRef = 715F638F29E067CB0059C20B /* Slide.swift */; };
/* End PBXBuildFile section */

/* Begin PBXFileReference section */
		715F636D29E058000059C20B /* RestaurantApp.app */ = {isa = PBXFileReference; explicitFileType = wrapper.application; includeInIndex = 0; path = RestaurantApp.app; sourceTree = BUILT_PRODUCTS_DIR; };
		715F637029E058000059C20B /* AppDelegate.swift */ = {isa = PBXFileReference; lastKnownFileType = sourcecode.swift; path = AppDelegate.swift; sourceTree = "<group>"; };
		715F637229E058000059C20B /* SceneDelegate.swift */ = {isa = PBXFileReference; lastKnownFileType = sourcecode.swift; path = SceneDelegate.swift; sourceTree = "<group>"; };
		715F637429E058000059C20B /* OnboardingViewController.swift */ = {isa = PBXFileReference; lastKnownFileType = sourcecode.swift; path = OnboardingViewController.swift; sourceTree = "<group>"; };
		715F637729E058000059C20B /* Base */ = {isa = PBXFileReference; lastKnownFileType = file.storyboard; name = Base; path = Base.lproj/Main.storyboard; sourceTree = "<group>"; };
		715F637929E058020059C20B /* Assets.xcassets */ = {isa = PBXFileReference; lastKnownFileType = folder.assetcatalog; path = Assets.xcassets; sourceTree = "<group>"; };
		715F637C29E058020059C20B /* Base */ = {isa = PBXFileReference; lastKnownFileType = file.storyboard; name = Base; path = Base.lproj/LaunchScreen.storyboard; sourceTree = "<group>"; };
		715F637E29E058020059C20B /* Info.plist */ = {isa = PBXFileReference; lastKnownFileType = text.plist.xml; path = Info.plist; sourceTree = "<group>"; };
		715F638729E058810059C20B /* ViewConfiguration.swift */ = {isa = PBXFileReference; lastKnownFileType = sourcecode.swift; path = ViewConfiguration.swift; sourceTree = "<group>"; };
		715F638929E058940059C20B /* UIView+Constraints.swift */ = {isa = PBXFileReference; lastKnownFileType = sourcecode.swift; path = "UIView+Constraints.swift"; sourceTree = "<group>"; };
		715F638C29E059A70059C20B /* OnboardingViewCell.swift */ = {isa = PBXFileReference; lastKnownFileType = sourcecode.swift; path = OnboardingViewCell.swift; sourceTree = "<group>"; };
		715F638F29E067CB0059C20B /* Slide.swift */ = {isa = PBXFileReference; lastKnownFileType = sourcecode.swift; path = Slide.swift; sourceTree = "<group>"; };
/* End PBXFileReference section */

/* Begin PBXFrameworksBuildPhase section */
		715F636A29E058000059C20B /* Frameworks */ = {
			isa = PBXFrameworksBuildPhase;
			buildActionMask = 2147483647;
			files = (
			);
			runOnlyForDeploymentPostprocessing = 0;
		};
/* End PBXFrameworksBuildPhase section */

/* Begin PBXGroup section */
		715F636429E058000059C20B = {
			isa = PBXGroup;
			children = (
				715F636F29E058000059C20B /* RestaurantApp */,
				715F636E29E058000059C20B /* Products */,
			);
			sourceTree = "<group>";
		};
		715F636E29E058000059C20B /* Products */ = {
			isa = PBXGroup;
			children = (
				715F636D29E058000059C20B /* RestaurantApp.app */,
			);
			name = Products;
			sourceTree = "<group>";
		};
		715F636F29E058000059C20B /* RestaurantApp */ = {
			isa = PBXGroup;
			children = (
				715F638E29E067C40059C20B /* Model */,
				715F638B29E059980059C20B /* CollectionView */,
				715F638629E058120059C20B /* Delegate */,
				715F638529E0580C0059C20B /* Extensions */,
				715F638429E058070059C20B /* Protocols */,
				715F637429E058000059C20B /* OnboardingViewController.swift */,
				715F637629E058000059C20B /* Main.storyboard */,
				715F637929E058020059C20B /* Assets.xcassets */,
				715F637B29E058020059C20B /* LaunchScreen.storyboard */,
				715F637E29E058020059C20B /* Info.plist */,
			);
			path = RestaurantApp;
			sourceTree = "<group>";
		};
		715F638429E058070059C20B /* Protocols */ = {
			isa = PBXGroup;
			children = (
				715F638729E058810059C20B /* ViewConfiguration.swift */,
			);
			path = Protocols;
			sourceTree = "<group>";
		};
		715F638529E0580C0059C20B /* Extensions */ = {
			isa = PBXGroup;
			children = (
				715F638929E058940059C20B /* UIView+Constraints.swift */,
			);
			path = Extensions;
			sourceTree = "<group>";
		};
		715F638629E058120059C20B /* Delegate */ = {
			isa = PBXGroup;
			children = (
				715F637029E058000059C20B /* AppDelegate.swift */,
				715F637229E058000059C20B /* SceneDelegate.swift */,
			);
			path = Delegate;
			sourceTree = "<group>";
		};
		715F638B29E059980059C20B /* CollectionView */ = {
			isa = PBXGroup;
			children = (
				715F638C29E059A70059C20B /* OnboardingViewCell.swift */,
			);
			path = CollectionView;
			sourceTree = "<group>";
		};
		715F638E29E067C40059C20B /* Model */ = {
			isa = PBXGroup;
			children = (
				715F638F29E067CB0059C20B /* Slide.swift */,
			);
			path = Model;
			sourceTree = "<group>";
		};
/* End PBXGroup section */

/* Begin PBXNativeTarget section */
		715F636C29E058000059C20B /* RestaurantApp */ = {
			isa = PBXNativeTarget;
			buildConfigurationList = 715F638129E058020059C20B /* Build configuration list for PBXNativeTarget "RestaurantApp" */;
			buildPhases = (
				715F636929E058000059C20B /* Sources */,
				715F636A29E058000059C20B /* Frameworks */,
				715F636B29E058000059C20B /* Resources */,
			);
			buildRules = (
			);
			dependencies = (
			);
			name = RestaurantApp;
			productName = RestaurantApp;
			productReference = 715F636D29E058000059C20B /* RestaurantApp.app */;
			productType = "com.apple.product-type.application";
		};
/* End PBXNativeTarget section */

/* Begin PBXProject section */
		715F636529E058000059C20B /* Project object */ = {
			isa = PBXProject;
			attributes = {
				BuildIndependentTargetsInParallel = 1;
				LastSwiftUpdateCheck = 1340;
				LastUpgradeCheck = 1340;
				TargetAttributes = {
					715F636C29E058000059C20B = {
						CreatedOnToolsVersion = 13.4.1;
					};
				};
			};
			buildConfigurationList = 715F636829E058000059C20B /* Build configuration list for PBXProject "RestaurantApp" */;
			compatibilityVersion = "Xcode 13.0";
			developmentRegion = en;
			hasScannedForEncodings = 0;
			knownRegions = (
				en,
				Base,
			);
			mainGroup = 715F636429E058000059C20B;
			productRefGroup = 715F636E29E058000059C20B /* Products */;
			projectDirPath = "";
			projectRoot = "";
			targets = (
				715F636C29E058000059C20B /* RestaurantApp */,
			);
		};
/* End PBXProject section */

/* Begin PBXResourcesBuildPhase section */
		715F636B29E058000059C20B /* Resources */ = {
			isa = PBXResourcesBuildPhase;
			buildActionMask = 2147483647;
			files = (
				715F637D29E058020059C20B /* LaunchScreen.storyboard in Resources */,
				715F637A29E058020059C20B /* Assets.xcassets in Resources */,
				715F637829E058000059C20B /* Main.storyboard in Resources */,
			);
			runOnlyForDeploymentPostprocessing = 0;
		};
/* End PBXResourcesBuildPhase section */

/* Begin PBXSourcesBuildPhase section */
		715F636929E058000059C20B /* Sources */ = {
			isa = PBXSourcesBuildPhase;
			buildActionMask = 2147483647;
			files = (
				715F637529E058000059C20B /* OnboardingViewController.swift in Sources */,
				715F638829E058810059C20B /* ViewConfiguration.swift in Sources */,
				715F638A29E058940059C20B /* UIView+Constraints.swift in Sources */,
				715F637129E058000059C20B /* AppDelegate.swift in Sources */,
				715F639029E067CB0059C20B /* Slide.swift in Sources */,
				715F637329E058000059C20B /* SceneDelegate.swift in Sources */,
				715F638D29E059A70059C20B /* OnboardingViewCell.swift in Sources */,
			);
			runOnlyForDeploymentPostprocessing = 0;
		};
/* End PBXSourcesBuildPhase section */

/* Begin PBXVariantGroup section */
		715F637629E058000059C20B /* Main.storyboard */ = {
			isa = PBXVariantGroup;
			children = (
				715F637729E058000059C20B /* Base */,
			);
			name = Main.storyboard;
			sourceTree = "<group>";
		};
		715F637B29E058020059C20B /* LaunchScreen.storyboard */ = {
			isa = PBXVariantGroup;
			children = (
				715F637C29E058020059C20B /* Base */,
			);
			name = LaunchScreen.storyboard;
			sourceTree = "<group>";
		};
/* End PBXVariantGroup section */

/* Begin XCBuildConfiguration section */
		715F637F29E058020059C20B /* Debug */ = {
			isa = XCBuildConfiguration;
			buildSettings = {
				ALWAYS_SEARCH_USER_PATHS = NO;
				CLANG_ANALYZER_NONNULL = YES;
				CLANG_ANALYZER_NUMBER_OBJECT_CONVERSION = YES_AGGRESSIVE;
				CLANG_CXX_LANGUAGE_STANDARD = "gnu++17";
				CLANG_ENABLE_MODULES = YES;
				CLANG_ENABLE_OBJC_ARC = YES;
				CLANG_ENABLE_OBJC_WEAK = YES;
				CLANG_WARN_BLOCK_CAPTURE_AUTORELEASING = YES;
				CLANG_WARN_BOOL_CONVERSION = YES;
				CLANG_WARN_COMMA = YES;
				CLANG_WARN_CONSTANT_CONVERSION = YES;
				CLANG_WARN_DEPRECATED_OBJC_IMPLEMENTATIONS = YES;
				CLANG_WARN_DIRECT_OBJC_ISA_USAGE = YES_ERROR;
				CLANG_WARN_DOCUMENTATION_COMMENTS = YES;
				CLANG_WARN_EMPTY_BODY = YES;
				CLANG_WARN_ENUM_CONVERSION = YES;
				CLANG_WARN_INFINITE_RECURSION = YES;
				CLANG_WARN_INT_CONVERSION = YES;
				CLANG_WARN_NON_LITERAL_NULL_CONVERSION = YES;
				CLANG_WARN_OBJC_IMPLICIT_RETAIN_SELF = YES;
				CLANG_WARN_OBJC_LITERAL_CONVERSION = YES;
				CLANG_WARN_OBJC_ROOT_CLASS = YES_ERROR;
				CLANG_WARN_QUOTED_INCLUDE_IN_FRAMEWORK_HEADER = YES;
				CLANG_WARN_RANGE_LOOP_ANALYSIS = YES;
				CLANG_WARN_STRICT_PROTOTYPES = YES;
				CLANG_WARN_SUSPICIOUS_MOVE = YES;
				CLANG_WARN_UNGUARDED_AVAILABILITY = YES_AGGRESSIVE;
				CLANG_WARN_UNREACHABLE_CODE = YES;
				CLANG_WARN__DUPLICATE_METHOD_MATCH = YES;
				COPY_PHASE_STRIP = NO;
				DEBUG_INFORMATION_FORMAT = dwarf;
				ENABLE_STRICT_OBJC_MSGSEND = YES;
				ENABLE_TESTABILITY = YES;
				GCC_C_LANGUAGE_STANDARD = gnu11;
				GCC_DYNAMIC_NO_PIC = NO;
				GCC_NO_COMMON_BLOCKS = YES;
				GCC_OPTIMIZATION_LEVEL = 0;
				GCC_PREPROCESSOR_DEFINITIONS = (
					"DEBUG=1",
					"$(inherited)",
				);
				GCC_WARN_64_TO_32_BIT_CONVERSION = YES;
				GCC_WARN_ABOUT_RETURN_TYPE = YES_ERROR;
				GCC_WARN_UNDECLARED_SELECTOR = YES;
				GCC_WARN_UNINITIALIZED_AUTOS = YES_AGGRESSIVE;
				GCC_WARN_UNUSED_FUNCTION = YES;
				GCC_WARN_UNUSED_VARIABLE = YES;
				IPHONEOS_DEPLOYMENT_TARGET = 15.5;
				MTL_ENABLE_DEBUG_INFO = INCLUDE_SOURCE;
				MTL_FAST_MATH = YES;
				ONLY_ACTIVE_ARCH = YES;
				SDKROOT = iphoneos;
				SWIFT_ACTIVE_COMPILATION_CONDITIONS = DEBUG;
				SWIFT_OPTIMIZATION_LEVEL = "-Onone";
			};
			name = Debug;
		};
		715F638029E058020059C20B /* Release */ = {
			isa = XCBuildConfiguration;
			buildSettings = {
				ALWAYS_SEARCH_USER_PATHS = NO;
				CLANG_ANALYZER_NONNULL = YES;
				CLANG_ANALYZER_NUMBER_OBJECT_CONVERSION = YES_AGGRESSIVE;
				CLANG_CXX_LANGUAGE_STANDARD = "gnu++17";
				CLANG_ENABLE_MODULES = YES;
				CLANG_ENABLE_OBJC_ARC = YES;
				CLANG_ENABLE_OBJC_WEAK = YES;
				CLANG_WARN_BLOCK_CAPTURE_AUTORELEASING = YES;
				CLANG_WARN_BOOL_CONVERSION = YES;
				CLANG_WARN_COMMA = YES;
				CLANG_WARN_CONSTANT_CONVERSION = YES;
				CLANG_WARN_DEPRECATED_OBJC_IMPLEMENTATIONS = YES;
				CLANG_WARN_DIRECT_OBJC_ISA_USAGE = YES_ERROR;
				CLANG_WARN_DOCUMENTATION_COMMENTS = YES;
				CLANG_WARN_EMPTY_BODY = YES;
				CLANG_WARN_ENUM_CONVERSION = YES;
				CLANG_WARN_INFINITE_RECURSION = YES;
				CLANG_WARN_INT_CONVERSION = YES;
				CLANG_WARN_NON_LITERAL_NULL_CONVERSION = YES;
				CLANG_WARN_OBJC_IMPLICIT_RETAIN_SELF = YES;
				CLANG_WARN_OBJC_LITERAL_CONVERSION = YES;
				CLANG_WARN_OBJC_ROOT_CLASS = YES_ERROR;
				CLANG_WARN_QUOTED_INCLUDE_IN_FRAMEWORK_HEADER = YES;
				CLANG_WARN_RANGE_LOOP_ANALYSIS = YES;
				CLANG_WARN_STRICT_PROTOTYPES = YES;
				CLANG_WARN_SUSPICIOUS_MOVE = YES;
				CLANG_WARN_UNGUARDED_AVAILABILITY = YES_AGGRESSIVE;
				CLANG_WARN_UNREACHABLE_CODE = YES;
				CLANG_WARN__DUPLICATE_METHOD_MATCH = YES;
				COPY_PHASE_STRIP = NO;
				DEBUG_INFORMATION_FORMAT = "dwarf-with-dsym";
				ENABLE_NS_ASSERTIONS = NO;
				ENABLE_STRICT_OBJC_MSGSEND = YES;
				GCC_C_LANGUAGE_STANDARD = gnu11;
				GCC_NO_COMMON_BLOCKS = YES;
				GCC_WARN_64_TO_32_BIT_CONVERSION = YES;
				GCC_WARN_ABOUT_RETURN_TYPE = YES_ERROR;
				GCC_WARN_UNDECLARED_SELECTOR = YES;
				GCC_WARN_UNINITIALIZED_AUTOS = YES_AGGRESSIVE;
				GCC_WARN_UNUSED_FUNCTION = YES;
				GCC_WARN_UNUSED_VARIABLE = YES;
				IPHONEOS_DEPLOYMENT_TARGET = 15.5;
				MTL_ENABLE_DEBUG_INFO = NO;
				MTL_FAST_MATH = YES;
				SDKROOT = iphoneos;
				SWIFT_COMPILATION_MODE = wholemodule;
				SWIFT_OPTIMIZATION_LEVEL = "-O";
				VALIDATE_PRODUCT = YES;
			};
			name = Release;
		};
		715F638229E058020059C20B /* Debug */ = {
			isa = XCBuildConfiguration;
			buildSettings = {
				ASSETCATALOG_COMPILER_APPICON_NAME = AppIcon;
				ASSETCATALOG_COMPILER_GLOBAL_ACCENT_COLOR_NAME = AccentColor;
				CODE_SIGN_STYLE = Automatic;
				CURRENT_PROJECT_VERSION = 1;
				GENERATE_INFOPLIST_FILE = YES;
				INFOPLIST_FILE = RestaurantApp/Info.plist;
				INFOPLIST_KEY_UIApplicationSupportsIndirectInputEvents = YES;
				INFOPLIST_KEY_UILaunchStoryboardName = LaunchScreen;
				INFOPLIST_KEY_UISupportedInterfaceOrientations_iPad = "UIInterfaceOrientationPortrait UIInterfaceOrientationPortraitUpsideDown UIInterfaceOrientationLandscapeLeft UIInterfaceOrientationLandscapeRight";
				INFOPLIST_KEY_UISupportedInterfaceOrientations_iPhone = "UIInterfaceOrientationPortrait UIInterfaceOrientationLandscapeLeft UIInterfaceOrientationLandscapeRight";
				LD_RUNPATH_SEARCH_PATHS = (
					"$(inherited)",
					"@executable_path/Frameworks",
				);
				MARKETING_VERSION = 1.0;
				PRODUCT_BUNDLE_IDENTIFIER = PersonalAccount.RestaurantApp;
				PRODUCT_NAME = "$(TARGET_NAME)";
				SWIFT_EMIT_LOC_STRINGS = YES;
				SWIFT_VERSION = 5.0;
				TARGETED_DEVICE_FAMILY = "1,2";
			};
			name = Debug;
		};
		715F638329E058020059C20B /* Release */ = {
			isa = XCBuildConfiguration;
			buildSettings = {
				ASSETCATALOG_COMPILER_APPICON_NAME = AppIcon;
				ASSETCATALOG_COMPILER_GLOBAL_ACCENT_COLOR_NAME = AccentColor;
				CODE_SIGN_STYLE = Automatic;
				CURRENT_PROJECT_VERSION = 1;
				GENERATE_INFOPLIST_FILE = YES;
				INFOPLIST_FILE = RestaurantApp/Info.plist;
				INFOPLIST_KEY_UIApplicationSupportsIndirectInputEvents = YES;
				INFOPLIST_KEY_UILaunchStoryboardName = LaunchScreen;
				INFOPLIST_KEY_UISupportedInterfaceOrientations_iPad = "UIInterfaceOrientationPortrait UIInterfaceOrientationPortraitUpsideDown UIInterfaceOrientationLandscapeLeft UIInterfaceOrientationLandscapeRight";
				INFOPLIST_KEY_UISupportedInterfaceOrientations_iPhone = "UIInterfaceOrientationPortrait UIInterfaceOrientationLandscapeLeft UIInterfaceOrientationLandscapeRight";
				LD_RUNPATH_SEARCH_PATHS = (
					"$(inherited)",
					"@executable_path/Frameworks",
				);
				MARKETING_VERSION = 1.0;
				PRODUCT_BUNDLE_IDENTIFIER = PersonalAccount.RestaurantApp;
				PRODUCT_NAME = "$(TARGET_NAME)";
				SWIFT_EMIT_LOC_STRINGS = YES;
				SWIFT_VERSION = 5.0;
				TARGETED_DEVICE_FAMILY = "1,2";
			};
			name = Release;
		};
/* End XCBuildConfiguration section */

/* Begin XCConfigurationList section */
		715F636829E058000059C20B /* Build configuration list for PBXProject "RestaurantApp" */ = {
			isa = XCConfigurationList;
			buildConfigurations = (
				715F637F29E058020059C20B /* Debug */,
				715F638029E058020059C20B /* Release */,
			);
			defaultConfigurationIsVisible = 0;
			defaultConfigurationName = Release;
		};
		715F638129E058020059C20B /* Build configuration list for PBXNativeTarget "RestaurantApp" */ = {
			isa = XCConfigurationList;
			buildConfigurations = (
				715F638229E058020059C20B /* Debug */,
				715F638329E058020059C20B /* Release */,
			);
			defaultConfigurationIsVisible = 0;
			defaultConfigurationName = Release;
		};
/* End XCConfigurationList section */
	};
	rootObject = 715F636529E058000059C20B /* Project object */;
}
